// !$*UTF8*$!
{
	archiveVersion = 1;
	classes = {
	};
	objectVersion = 56;
	objects = {

/* Begin PBXBuildFile section */
		C4AB76AA294F2DA500BE9346 /* OpenAiApp.swift in Sources */ = {isa = PBXBuildFile; fileRef = C4AB76A9294F2DA500BE9346 /* OpenAiApp.swift */; };
		C4AB76AC294F2DA500BE9346 /* ContentView.swift in Sources */ = {isa = PBXBuildFile; fileRef = C4AB76AB294F2DA500BE9346 /* ContentView.swift */; };
		C4AB76AE294F2DA700BE9346 /* Assets.xcassets in Resources */ = {isa = PBXBuildFile; fileRef = C4AB76AD294F2DA700BE9346 /* Assets.xcassets */; };
		C4AB76B1294F2DA700BE9346 /* Preview Assets.xcassets in Resources */ = {isa = PBXBuildFile; fileRef = C4AB76B0294F2DA700BE9346 /* Preview Assets.xcassets */; };
		C4AB76BA294F2E0400BE9346 /* Response.swift in Sources */ = {isa = PBXBuildFile; fileRef = C4AB76B9294F2E0400BE9346 /* Response.swift */; };
		C4AB76BC294F2F6600BE9346 /* ViewModel.swift in Sources */ = {isa = PBXBuildFile; fileRef = C4AB76BB294F2F6600BE9346 /* ViewModel.swift */; };
		C4AB76BE294F2F8C00BE9346 /* OpenAIConnector.swift in Sources */ = {isa = PBXBuildFile; fileRef = C4AB76BD294F2F8C00BE9346 /* OpenAIConnector.swift */; };
		C4AB76C2294F8F5E00BE9346 /* config.plist in Resources */ = {isa = PBXBuildFile; fileRef = C4AB76C1294F8F5E00BE9346 /* config.plist */; };
/* End PBXBuildFile section */

/* Begin PBXFileReference section */
		C4AB76A6294F2DA500BE9346 /* OpenAi.app */ = {isa = PBXFileReference; explicitFileType = wrapper.application; includeInIndex = 0; path = OpenAi.app; sourceTree = BUILT_PRODUCTS_DIR; };
		C4AB76A9294F2DA500BE9346 /* OpenAiApp.swift */ = {isa = PBXFileReference; lastKnownFileType = sourcecode.swift; path = OpenAiApp.swift; sourceTree = "<group>"; };
		C4AB76AB294F2DA500BE9346 /* ContentView.swift */ = {isa = PBXFileReference; lastKnownFileType = sourcecode.swift; path = ContentView.swift; sourceTree = "<group>"; };
		C4AB76AD294F2DA700BE9346 /* Assets.xcassets */ = {isa = PBXFileReference; lastKnownFileType = folder.assetcatalog; path = Assets.xcassets; sourceTree = "<group>"; };
		C4AB76B0294F2DA700BE9346 /* Preview Assets.xcassets */ = {isa = PBXFileReference; lastKnownFileType = folder.assetcatalog; path = "Preview Assets.xcassets"; sourceTree = "<group>"; };
		C4AB76B9294F2E0400BE9346 /* Response.swift */ = {isa = PBXFileReference; lastKnownFileType = sourcecode.swift; path = Response.swift; sourceTree = "<group>"; };
		C4AB76BB294F2F6600BE9346 /* ViewModel.swift */ = {isa = PBXFileReference; lastKnownFileType = sourcecode.swift; path = ViewModel.swift; sourceTree = "<group>"; };
		C4AB76BD294F2F8C00BE9346 /* OpenAIConnector.swift */ = {isa = PBXFileReference; lastKnownFileType = sourcecode.swift; path = OpenAIConnector.swift; sourceTree = "<group>"; };
		C4AB76C1294F8F5E00BE9346 /* config.plist */ = {isa = PBXFileReference; lastKnownFileType = text.plist.xml; path = config.plist; sourceTree = "<group>"; };
/* End PBXFileReference section */

/* Begin PBXFrameworksBuildPhase section */
		C4AB76A3294F2DA500BE9346 /* Frameworks */ = {
			isa = PBXFrameworksBuildPhase;
			buildActionMask = 2147483647;
			files = (
			);
			runOnlyForDeploymentPostprocessing = 0;
		};
/* End PBXFrameworksBuildPhase section */

/* Begin PBXGroup section */
		C4AB769D294F2DA500BE9346 = {
			isa = PBXGroup;
			children = (
				C4AB76A8294F2DA500BE9346 /* OpenAi */,
				C4AB76A7294F2DA500BE9346 /* Products */,
			);
			sourceTree = "<group>";
		};
		C4AB76A7294F2DA500BE9346 /* Products */ = {
			isa = PBXGroup;
			children = (
				C4AB76A6294F2DA500BE9346 /* OpenAi.app */,
			);
			name = Products;
			sourceTree = "<group>";
		};
		C4AB76A8294F2DA500BE9346 /* OpenAi */ = {
			isa = PBXGroup;
			children = (
				C4AB76B8294F2DD700BE9346 /* ViewModel */,
				C4AB76B7294F2DBC00BE9346 /* Model */,
				C4AB76A9294F2DA500BE9346 /* OpenAiApp.swift */,
				C4AB76AB294F2DA500BE9346 /* ContentView.swift */,
				C4AB76AD294F2DA700BE9346 /* Assets.xcassets */,
				C4AB76AF294F2DA700BE9346 /* Preview Content */,
				C4AB76C1294F8F5E00BE9346 /* config.plist */,
			);
			path = OpenAi;
			sourceTree = "<group>";
		};
		C4AB76AF294F2DA700BE9346 /* Preview Content */ = {
			isa = PBXGroup;
			children = (
				C4AB76B0294F2DA700BE9346 /* Preview Assets.xcassets */,
			);
			path = "Preview Content";
			sourceTree = "<group>";
		};
		C4AB76B7294F2DBC00BE9346 /* Model */ = {
			isa = PBXGroup;
			children = (
				C4AB76B9294F2E0400BE9346 /* Response.swift */,
			);
			path = Model;
			sourceTree = "<group>";
		};
		C4AB76B8294F2DD700BE9346 /* ViewModel */ = {
			isa = PBXGroup;
			children = (
				C4AB76BB294F2F6600BE9346 /* ViewModel.swift */,
				C4AB76BD294F2F8C00BE9346 /* OpenAIConnector.swift */,
			);
			path = ViewModel;
			sourceTree = "<group>";
		};
/* End PBXGroup section */

/* Begin PBXNativeTarget section */
		C4AB76A5294F2DA500BE9346 /* OpenAi */ = {
			isa = PBXNativeTarget;
			buildConfigurationList = C4AB76B4294F2DA700BE9346 /* Build configuration list for PBXNativeTarget "OpenAi" */;
			buildPhases = (
				C4AB76A2294F2DA500BE9346 /* Sources */,
				C4AB76A3294F2DA500BE9346 /* Frameworks */,
				C4AB76A4294F2DA500BE9346 /* Resources */,
			);
			buildRules = (
			);
			dependencies = (
			);
			name = OpenAi;
			productName = OpenAi;
			productReference = C4AB76A6294F2DA500BE9346 /* OpenAi.app */;
			productType = "com.apple.product-type.application";
		};
/* End PBXNativeTarget section */

/* Begin PBXProject section */
		C4AB769E294F2DA500BE9346 /* Project object */ = {
			isa = PBXProject;
			attributes = {
				BuildIndependentTargetsInParallel = 1;
				LastSwiftUpdateCheck = 1420;
				LastUpgradeCheck = 1420;
				TargetAttributes = {
					C4AB76A5294F2DA500BE9346 = {
						CreatedOnToolsVersion = 14.2;
					};
				};
			};
			buildConfigurationList = C4AB76A1294F2DA500BE9346 /* Build configuration list for PBXProject "OpenAi" */;
			compatibilityVersion = "Xcode 14.0";
			developmentRegion = en;
			hasScannedForEncodings = 0;
			knownRegions = (
				en,
				Base,
			);
			mainGroup = C4AB769D294F2DA500BE9346;
			productRefGroup = C4AB76A7294F2DA500BE9346 /* Products */;
			projectDirPath = "";
			projectRoot = "";
			targets = (
				C4AB76A5294F2DA500BE9346 /* OpenAi */,
			);
		};
/* End PBXProject section */

/* Begin PBXResourcesBuildPhase section */
		C4AB76A4294F2DA500BE9346 /* Resources */ = {
			isa = PBXResourcesBuildPhase;
			buildActionMask = 2147483647;
			files = (
				C4AB76C2294F8F5E00BE9346 /* config.plist in Resources */,
				C4AB76B1294F2DA700BE9346 /* Preview Assets.xcassets in Resources */,
				C4AB76AE294F2DA700BE9346 /* Assets.xcassets in Resources */,
			);
			runOnlyForDeploymentPostprocessing = 0;
		};
/* End PBXResourcesBuildPhase section */

/* Begin PBXSourcesBuildPhase section */
		C4AB76A2294F2DA500BE9346 /* Sources */ = {
			isa = PBXSourcesBuildPhase;
			buildActionMask = 2147483647;
			files = (
				C4AB76BA294F2E0400BE9346 /* Response.swift in Sources */,
				C4AB76BE294F2F8C00BE9346 /* OpenAIConnector.swift in Sources */,
				C4AB76AC294F2DA500BE9346 /* ContentView.swift in Sources */,
				C4AB76BC294F2F6600BE9346 /* ViewModel.swift in Sources */,
				C4AB76AA294F2DA500BE9346 /* OpenAiApp.swift in Sources */,
			);
			runOnlyForDeploymentPostprocessing = 0;
		};
/* End PBXSourcesBuildPhase section */

/* Begin XCBuildConfiguration section */
		C4AB76B2294F2DA700BE9346 /* Debug */ = {
			isa = XCBuildConfiguration;
			buildSettings = {
				ALWAYS_SEARCH_USER_PATHS = NO;
				CLANG_ANALYZER_NONNULL = YES;
				CLANG_ANALYZER_NUMBER_OBJECT_CONVERSION = YES_AGGRESSIVE;
				CLANG_CXX_LANGUAGE_STANDARD = "gnu++20";
				CLANG_ENABLE_MODULES = YES;
				CLANG_ENABLE_OBJC_ARC = YES;
				CLANG_ENABLE_OBJC_WEAK = YES;
				CLANG_WARN_BLOCK_CAPTURE_AUTORELEASING = YES;
				CLANG_WARN_BOOL_CONVERSION = YES;
				CLANG_WARN_COMMA = YES;
				CLANG_WARN_CONSTANT_CONVERSION = YES;
				CLANG_WARN_DEPRECATED_OBJC_IMPLEMENTATIONS = YES;
				CLANG_WARN_DIRECT_OBJC_ISA_USAGE = YES_ERROR;
				CLANG_WARN_DOCUMENTATION_COMMENTS = YES;
				CLANG_WARN_EMPTY_BODY = YES;
				CLANG_WARN_ENUM_CONVERSION = YES;
				CLANG_WARN_INFINITE_RECURSION = YES;
				CLANG_WARN_INT_CONVERSION = YES;
				CLANG_WARN_NON_LITERAL_NULL_CONVERSION = YES;
				CLANG_WARN_OBJC_IMPLICIT_RETAIN_SELF = YES;
				CLANG_WARN_OBJC_LITERAL_CONVERSION = YES;
				CLANG_WARN_OBJC_ROOT_CLASS = YES_ERROR;
				CLANG_WARN_QUOTED_INCLUDE_IN_FRAMEWORK_HEADER = YES;
				CLANG_WARN_RANGE_LOOP_ANALYSIS = YES;
				CLANG_WARN_STRICT_PROTOTYPES = YES;
				CLANG_WARN_SUSPICIOUS_MOVE = YES;
				CLANG_WARN_UNGUARDED_AVAILABILITY = YES_AGGRESSIVE;
				CLANG_WARN_UNREACHABLE_CODE = YES;
				CLANG_WARN__DUPLICATE_METHOD_MATCH = YES;
				COPY_PHASE_STRIP = NO;
				DEBUG_INFORMATION_FORMAT = dwarf;
				ENABLE_STRICT_OBJC_MSGSEND = YES;
				ENABLE_TESTABILITY = YES;
				GCC_C_LANGUAGE_STANDARD = gnu11;
				GCC_DYNAMIC_NO_PIC = NO;
				GCC_NO_COMMON_BLOCKS = YES;
				GCC_OPTIMIZATION_LEVEL = 0;
				GCC_PREPROCESSOR_DEFINITIONS = (
					"DEBUG=1",
					"$(inherited)",
				);
				GCC_WARN_64_TO_32_BIT_CONVERSION = YES;
				GCC_WARN_ABOUT_RETURN_TYPE = YES_ERROR;
				GCC_WARN_UNDECLARED_SELECTOR = YES;
				GCC_WARN_UNINITIALIZED_AUTOS = YES_AGGRESSIVE;
				GCC_WARN_UNUSED_FUNCTION = YES;
				GCC_WARN_UNUSED_VARIABLE = YES;
				IPHONEOS_DEPLOYMENT_TARGET = 16.2;
				MTL_ENABLE_DEBUG_INFO = INCLUDE_SOURCE;
				MTL_FAST_MATH = YES;
				ONLY_ACTIVE_ARCH = YES;
				SDKROOT = iphoneos;
				SWIFT_ACTIVE_COMPILATION_CONDITIONS = DEBUG;
				SWIFT_OPTIMIZATION_LEVEL = "-Onone";
			};
			name = Debug;
		};
		C4AB76B3294F2DA700BE9346 /* Release */ = {
			isa = XCBuildConfiguration;
			buildSettings = {
				ALWAYS_SEARCH_USER_PATHS = NO;
				CLANG_ANALYZER_NONNULL = YES;
				CLANG_ANALYZER_NUMBER_OBJECT_CONVERSION = YES_AGGRESSIVE;
				CLANG_CXX_LANGUAGE_STANDARD = "gnu++20";
				CLANG_ENABLE_MODULES = YES;
				CLANG_ENABLE_OBJC_ARC = YES;
				CLANG_ENABLE_OBJC_WEAK = YES;
				CLANG_WARN_BLOCK_CAPTURE_AUTORELEASING = YES;
				CLANG_WARN_BOOL_CONVERSION = YES;
				CLANG_WARN_COMMA = YES;
				CLANG_WARN_CONSTANT_CONVERSION = YES;
				CLANG_WARN_DEPRECATED_OBJC_IMPLEMENTATIONS = YES;
				CLANG_WARN_DIRECT_OBJC_ISA_USAGE = YES_ERROR;
				CLANG_WARN_DOCUMENTATION_COMMENTS = YES;
				CLANG_WARN_EMPTY_BODY = YES;
				CLANG_WARN_ENUM_CONVERSION = YES;
				CLANG_WARN_INFINITE_RECURSION = YES;
				CLANG_WARN_INT_CONVERSION = YES;
				CLANG_WARN_NON_LITERAL_NULL_CONVERSION = YES;
				CLANG_WARN_OBJC_IMPLICIT_RETAIN_SELF = YES;
				CLANG_WARN_OBJC_LITERAL_CONVERSION = YES;
				CLANG_WARN_OBJC_ROOT_CLASS = YES_ERROR;
				CLANG_WARN_QUOTED_INCLUDE_IN_FRAMEWORK_HEADER = YES;
				CLANG_WARN_RANGE_LOOP_ANALYSIS = YES;
				CLANG_WARN_STRICT_PROTOTYPES = YES;
				CLANG_WARN_SUSPICIOUS_MOVE = YES;
				CLANG_WARN_UNGUARDED_AVAILABILITY = YES_AGGRESSIVE;
				CLANG_WARN_UNREACHABLE_CODE = YES;
				CLANG_WARN__DUPLICATE_METHOD_MATCH = YES;
				COPY_PHASE_STRIP = NO;
				DEBUG_INFORMATION_FORMAT = "dwarf-with-dsym";
				ENABLE_NS_ASSERTIONS = NO;
				ENABLE_STRICT_OBJC_MSGSEND = YES;
				GCC_C_LANGUAGE_STANDARD = gnu11;
				GCC_NO_COMMON_BLOCKS = YES;
				GCC_WARN_64_TO_32_BIT_CONVERSION = YES;
				GCC_WARN_ABOUT_RETURN_TYPE = YES_ERROR;
				GCC_WARN_UNDECLARED_SELECTOR = YES;
				GCC_WARN_UNINITIALIZED_AUTOS = YES_AGGRESSIVE;
				GCC_WARN_UNUSED_FUNCTION = YES;
				GCC_WARN_UNUSED_VARIABLE = YES;
				IPHONEOS_DEPLOYMENT_TARGET = 16.2;
				MTL_ENABLE_DEBUG_INFO = NO;
				MTL_FAST_MATH = YES;
				SDKROOT = iphoneos;
				SWIFT_COMPILATION_MODE = wholemodule;
				SWIFT_OPTIMIZATION_LEVEL = "-O";
				VALIDATE_PRODUCT = YES;
			};
			name = Release;
		};
		C4AB76B5294F2DA700BE9346 /* Debug */ = {
			isa = XCBuildConfiguration;
			buildSettings = {
				ASSETCATALOG_COMPILER_APPICON_NAME = AppIcon;
				ASSETCATALOG_COMPILER_GLOBAL_ACCENT_COLOR_NAME = AccentColor;
				CODE_SIGN_STYLE = Automatic;
				CURRENT_PROJECT_VERSION = 1;
				DEVELOPMENT_ASSET_PATHS = "\"OpenAi/Preview Content\"";
				DEVELOPMENT_TEAM = G7DSPSWXXC;
				ENABLE_PREVIEWS = YES;
				GENERATE_INFOPLIST_FILE = YES;
				INFOPLIST_KEY_UIApplicationSceneManifest_Generation = YES;
				INFOPLIST_KEY_UIApplicationSupportsIndirectInputEvents = YES;
				INFOPLIST_KEY_UILaunchScreen_Generation = YES;
				INFOPLIST_KEY_UISupportedInterfaceOrientations_iPad = "UIInterfaceOrientationPortrait UIInterfaceOrientationPortraitUpsideDown UIInterfaceOrientationLandscapeLeft UIInterfaceOrientationLandscapeRight";
				INFOPLIST_KEY_UISupportedInterfaceOrientations_iPhone = "UIInterfaceOrientationPortrait UIInterfaceOrientationLandscapeLeft UIInterfaceOrientationLandscapeRight";
				LD_RUNPATH_SEARCH_PATHS = (
					"$(inherited)",
					"@executable_path/Frameworks",
				);
				MARKETING_VERSION = 1.0;
				PRODUCT_BUNDLE_IDENTIFIER = com.MicheleManniello.OpenAi;
				PRODUCT_NAME = "$(TARGET_NAME)";
				SWIFT_EMIT_LOC_STRINGS = YES;
				SWIFT_VERSION = 5.0;
				TARGETED_DEVICE_FAMILY = "1,2";
			};
			name = Debug;
		};
		C4AB76B6294F2DA700BE9346 /* Release */ = {
			isa = XCBuildConfiguration;
			buildSettings = {
				ASSETCATALOG_COMPILER_APPICON_NAME = AppIcon;
				ASSETCATALOG_COMPILER_GLOBAL_ACCENT_COLOR_NAME = AccentColor;
				CODE_SIGN_STYLE = Automatic;
				CURRENT_PROJECT_VERSION = 1;
				DEVELOPMENT_ASSET_PATHS = "\"OpenAi/Preview Content\"";
				DEVELOPMENT_TEAM = G7DSPSWXXC;
				ENABLE_PREVIEWS = YES;
				GENERATE_INFOPLIST_FILE = YES;
				INFOPLIST_KEY_UIApplicationSceneManifest_Generation = YES;
				INFOPLIST_KEY_UIApplicationSupportsIndirectInputEvents = YES;
				INFOPLIST_KEY_UILaunchScreen_Generation = YES;
				INFOPLIST_KEY_UISupportedInterfaceOrientations_iPad = "UIInterfaceOrientationPortrait UIInterfaceOrientationPortraitUpsideDown UIInterfaceOrientationLandscapeLeft UIInterfaceOrientationLandscapeRight";
				INFOPLIST_KEY_UISupportedInterfaceOrientations_iPhone = "UIInterfaceOrientationPortrait UIInterfaceOrientationLandscapeLeft UIInterfaceOrientationLandscapeRight";
				LD_RUNPATH_SEARCH_PATHS = (
					"$(inherited)",
					"@executable_path/Frameworks",
				);
				MARKETING_VERSION = 1.0;
				PRODUCT_BUNDLE_IDENTIFIER = com.MicheleManniello.OpenAi;
				PRODUCT_NAME = "$(TARGET_NAME)";
				SWIFT_EMIT_LOC_STRINGS = YES;
				SWIFT_VERSION = 5.0;
				TARGETED_DEVICE_FAMILY = "1,2";
			};
			name = Release;
		};
/* End XCBuildConfiguration section */

/* Begin XCConfigurationList section */
		C4AB76A1294F2DA500BE9346 /* Build configuration list for PBXProject "OpenAi" */ = {
			isa = XCConfigurationList;
			buildConfigurations = (
				C4AB76B2294F2DA700BE9346 /* Debug */,
				C4AB76B3294F2DA700BE9346 /* Release */,
			);
			defaultConfigurationIsVisible = 0;
			defaultConfigurationName = Release;
		};
		C4AB76B4294F2DA700BE9346 /* Build configuration list for PBXNativeTarget "OpenAi" */ = {
			isa = XCConfigurationList;
			buildConfigurations = (
				C4AB76B5294F2DA700BE9346 /* Debug */,
				C4AB76B6294F2DA700BE9346 /* Release */,
			);
			defaultConfigurationIsVisible = 0;
			defaultConfigurationName = Release;
		};
/* End XCConfigurationList section */
	};
	rootObject = C4AB769E294F2DA500BE9346 /* Project object */;
}
